
Microsoft Visual Studio Solution File, Format Version 12.00
# Visual Studio Version 16
VisualStudioVersion = 16.0.30907.101
MinimumVisualStudioVersion = 10.0.40219.1
Project("{FAE04EC0-301F-11D3-BF4B-00C04F79EFBC}") = "basicBlogApp", "basicBlogApp\basicBlogApp.csproj", "{1A85EC4B-6FCE-4B8E-A01F-CCF3C2B931D6}"
EndProject
Project("{FAE04EC0-301F-11D3-BF4B-00C04F79EFBC}") = "basicBlogAppModels", "basicBlogAppModels\basicBlogAppModels.csproj", "{EA67A9BB-B817-476E-9CA5-E5C28DF91D96}"
EndProject
Project("{FAE04EC0-301F-11D3-BF4B-00C04F79EFBC}") = "basicBlogAppRepositories", "basicBlogAppRepositories\basicBlogAppRepositories.csproj", "{608B2EAE-90CB-4A27-8D29-F4FEE5048CAE}"
EndProject
Project("{FAE04EC0-301F-11D3-BF4B-00C04F79EFBC}") = "basicBlogAppBusiness", "basicBlogAppBusiness\basicBlogAppBusiness.csproj", "{782325EB-5E9E-4D7B-95C6-8D6E420D6932}"
EndProject
Global
	GlobalSection(SolutionConfigurationPlatforms) = preSolution
		Debug|Any CPU = Debug|Any CPU
		Release|Any CPU = Release|Any CPU
	EndGlobalSection
	GlobalSection(ProjectConfigurationPlatforms) = postSolution
		{1A85EC4B-6FCE-4B8E-A01F-CCF3C2B931D6}.Debug|Any CPU.ActiveCfg = Debug|Any CPU
		{1A85EC4B-6FCE-4B8E-A01F-CCF3C2B931D6}.Debug|Any CPU.Build.0 = Debug|Any CPU
		{1A85EC4B-6FCE-4B8E-A01F-CCF3C2B931D6}.Release|Any CPU.ActiveCfg = Release|Any CPU
		{1A85EC4B-6FCE-4B8E-A01F-CCF3C2B931D6}.Release|Any CPU.Build.0 = Release|Any CPU
		{EA67A9BB-B817-476E-9CA5-E5C28DF91D96}.Debug|Any CPU.ActiveCfg = Debug|Any CPU
		{EA67A9BB-B817-476E-9CA5-E5C28DF91D96}.Debug|Any CPU.Build.0 = Debug|Any CPU
		{EA67A9BB-B817-476E-9CA5-E5C28DF91D96}.Release|Any CPU.ActiveCfg = Release|Any CPU
		{EA67A9BB-B817-476E-9CA5-E5C28DF91D96}.Release|Any CPU.Build.0 = Release|Any CPU
		{608B2EAE-90CB-4A27-8D29-F4FEE5048CAE}.Debug|Any CPU.ActiveCfg = Debug|Any CPU
		{608B2EAE-90CB-4A27-8D29-F4FEE5048CAE}.Debug|Any CPU.Build.0 = Debug|Any CPU
		{608B2EAE-90CB-4A27-8D29-F4FEE5048CAE}.Release|Any CPU.ActiveCfg = Release|Any CPU
		{608B2EAE-90CB-4A27-8D29-F4FEE5048CAE}.Release|Any CPU.Build.0 = Release|Any CPU
		{782325EB-5E9E-4D7B-95C6-8D6E420D6932}.Debug|Any CPU.ActiveCfg = Debug|Any CPU
		{782325EB-5E9E-4D7B-95C6-8D6E420D6932}.Debug|Any CPU.Build.0 = Debug|Any CPU
		{782325EB-5E9E-4D7B-95C6-8D6E420D6932}.Release|Any CPU.ActiveCfg = Release|Any CPU
		{782325EB-5E9E-4D7B-95C6-8D6E420D6932}.Release|Any CPU.Build.0 = Release|Any CPU
	EndGlobalSection
	GlobalSection(SolutionProperties) = preSolution
		HideSolutionNode = FALSE
	EndGlobalSection
	GlobalSection(ExtensibilityGlobals) = postSolution
		SolutionGuid = {33A9FEC9-CC35-4C74-9B46-6D7F0C40BAFC}
	EndGlobalSection
EndGlobal
